
Microsoft Visual Studio Solution File, Format Version 12.00
# Visual Studio Version 17
VisualStudioVersion = 17.3.32922.545
MinimumVisualStudioVersion = 10.0.40219.1
Project("{8BC9CEB8-8B4A-11D0-8D11-00A0C91BC942}") = "P04", "P04\P04.vcxproj", "{366A2FDD-67FA-43F8-8A93-BD48FD3CBABE}"
EndProject
Project("{8BC9CEB8-8B4A-11D0-8D11-00A0C91BC942}") = "P05", "P05\P05.vcxproj", "{1A268BF5-D047-4A96-A1E8-5C4029E88B8C}"
EndProject
Project("{8BC9CEB8-8B4A-11D0-8D11-00A0C91BC942}") = "P06", "P06\P06.vcxproj", "{498054CF-70E1-406D-AA2A-76035618E4D4}"
EndProject
Project("{8BC9CEB8-8B4A-11D0-8D11-00A0C91BC942}") = "P07", "P07\P07.vcxproj", "{C5C65DDC-202E-47DB-8EA0-225A86A3C1B0}"
EndProject
Project("{8BC9CEB8-8B4A-11D0-8D11-00A0C91BC942}") = "P08", "P08\P08.vcxproj", "{28165D68-F81D-4FD0-A576-0E504534A068}"
EndProject
Project("{8BC9CEB8-8B4A-11D0-8D11-00A0C91BC942}") = "P13", "P13\P13.vcxproj", "{D7F0052A-6CFA-4282-8F81-7F8A96E6B3D2}"
EndProject
Project("{8BC9CEB8-8B4A-11D0-8D11-00A0C91BC942}") = "P14", "P14\P14.vcxproj", "{AC975ADE-0A9A-4A5B-8B2E-11087BDFB211}"
EndProject
Project("{8BC9CEB8-8B4A-11D0-8D11-00A0C91BC942}") = "P19", "P19\P19.vcxproj", "{BDD973E1-86E4-4DF5-9CE5-F629659BFFF8}"
EndProject
Project("{8BC9CEB8-8B4A-11D0-8D11-00A0C91BC942}") = "P21", "P21\P21.vcxproj", "{7E1F8284-C729-4612-8323-7312D66A46F9}"
EndProject
Project("{8BC9CEB8-8B4A-11D0-8D11-00A0C91BC942}") = "P25", "P25\P25.vcxproj", "{20232A1B-2654-4F32-BE8F-542B7A88E8B6}"
EndProject
Project("{8BC9CEB8-8B4A-11D0-8D11-00A0C91BC942}") = "P26", "P26\P26.vcxproj", "{683EABAB-60B8-4F97-8A1A-C9E30DB75649}"
EndProject
Project("{8BC9CEB8-8B4A-11D0-8D11-00A0C91BC942}") = "P28", "P28\P28.vcxproj", "{347F3BC0-D747-4893-8F22-54CA95C07DD6}"
EndProject
Project("{8BC9CEB8-8B4A-11D0-8D11-00A0C91BC942}") = "P30", "P30\P30.vcxproj", "{EBAB7587-352A-4933-A6C3-ACB13ECE1A48}"
EndProject
Project("{8BC9CEB8-8B4A-11D0-8D11-00A0C91BC942}") = "P37", "P37\P37.vcxproj", "{CCD54667-C0FB-40DE-BD0B-8DB04AE172ED}"
EndProject
Project("{8BC9CEB8-8B4A-11D0-8D11-00A0C91BC942}") = "hw6.11", "hw6.11\hw6.11.vcxproj", "{55F7AEF0-DAA6-465F-A5CD-417BFF0569B4}"
EndProject
Global
	GlobalSection(SolutionConfigurationPlatforms) = preSolution
		Debug|x64 = Debug|x64
		Debug|x86 = Debug|x86
		Release|x64 = Release|x64
		Release|x86 = Release|x86
	EndGlobalSection
	GlobalSection(ProjectConfigurationPlatforms) = postSolution
		{366A2FDD-67FA-43F8-8A93-BD48FD3CBABE}.Debug|x64.ActiveCfg = Debug|x64
		{366A2FDD-67FA-43F8-8A93-BD48FD3CBABE}.Debug|x64.Build.0 = Debug|x64
		{366A2FDD-67FA-43F8-8A93-BD48FD3CBABE}.Debug|x86.ActiveCfg = Debug|Win32
		{366A2FDD-67FA-43F8-8A93-BD48FD3CBABE}.Debug|x86.Build.0 = Debug|Win32
		{366A2FDD-67FA-43F8-8A93-BD48FD3CBABE}.Release|x64.ActiveCfg = Release|x64
		{366A2FDD-67FA-43F8-8A93-BD48FD3CBABE}.Release|x64.Build.0 = Release|x64
		{366A2FDD-67FA-43F8-8A93-BD48FD3CBABE}.Release|x86.ActiveCfg = Release|Win32
		{366A2FDD-67FA-43F8-8A93-BD48FD3CBABE}.Release|x86.Build.0 = Release|Win32
		{1A268BF5-D047-4A96-A1E8-5C4029E88B8C}.Debug|x64.ActiveCfg = Debug|x64
		{1A268BF5-D047-4A96-A1E8-5C4029E88B8C}.Debug|x64.Build.0 = Debug|x64
		{1A268BF5-D047-4A96-A1E8-5C4029E88B8C}.Debug|x86.ActiveCfg = Debug|Win32
		{1A268BF5-D047-4A96-A1E8-5C4029E88B8C}.Debug|x86.Build.0 = Debug|Win32
		{1A268BF5-D047-4A96-A1E8-5C4029E88B8C}.Release|x64.ActiveCfg = Release|x64
		{1A268BF5-D047-4A96-A1E8-5C4029E88B8C}.Release|x64.Build.0 = Release|x64
		{1A268BF5-D047-4A96-A1E8-5C4029E88B8C}.Release|x86.ActiveCfg = Release|Win32
		{1A268BF5-D047-4A96-A1E8-5C4029E88B8C}.Release|x86.Build.0 = Release|Win32
		{498054CF-70E1-406D-AA2A-76035618E4D4}.Debug|x64.ActiveCfg = Debug|x64
		{498054CF-70E1-406D-AA2A-76035618E4D4}.Debug|x64.Build.0 = Debug|x64
		{498054CF-70E1-406D-AA2A-76035618E4D4}.Debug|x86.ActiveCfg = Debug|Win32
		{498054CF-70E1-406D-AA2A-76035618E4D4}.Debug|x86.Build.0 = Debug|Win32
		{498054CF-70E1-406D-AA2A-76035618E4D4}.Release|x64.ActiveCfg = Release|x64
		{498054CF-70E1-406D-AA2A-76035618E4D4}.Release|x64.Build.0 = Release|x64
		{498054CF-70E1-406D-AA2A-76035618E4D4}.Release|x86.ActiveCfg = Release|Win32
		{498054CF-70E1-406D-AA2A-76035618E4D4}.Release|x86.Build.0 = Release|Win32
		{C5C65DDC-202E-47DB-8EA0-225A86A3C1B0}.Debug|x64.ActiveCfg = Debug|x64
		{C5C65DDC-202E-47DB-8EA0-225A86A3C1B0}.Debug|x64.Build.0 = Debug|x64
		{C5C65DDC-202E-47DB-8EA0-225A86A3C1B0}.Debug|x86.ActiveCfg = Debug|Win32
		{C5C65DDC-202E-47DB-8EA0-225A86A3C1B0}.Debug|x86.Build.0 = Debug|Win32
		{C5C65DDC-202E-47DB-8EA0-225A86A3C1B0}.Release|x64.ActiveCfg = Release|x64
		{C5C65DDC-202E-47DB-8EA0-225A86A3C1B0}.Release|x64.Build.0 = Release|x64
		{C5C65DDC-202E-47DB-8EA0-225A86A3C1B0}.Release|x86.ActiveCfg = Release|Win32
		{C5C65DDC-202E-47DB-8EA0-225A86A3C1B0}.Release|x86.Build.0 = Release|Win32
		{28165D68-F81D-4FD0-A576-0E504534A068}.Debug|x64.ActiveCfg = Debug|x64
		{28165D68-F81D-4FD0-A576-0E504534A068}.Debug|x64.Build.0 = Debug|x64
		{28165D68-F81D-4FD0-A576-0E504534A068}.Debug|x86.ActiveCfg = Debug|Win32
		{28165D68-F81D-4FD0-A576-0E504534A068}.Debug|x86.Build.0 = Debug|Win32
		{28165D68-F81D-4FD0-A576-0E504534A068}.Release|x64.ActiveCfg = Release|x64
		{28165D68-F81D-4FD0-A576-0E504534A068}.Release|x64.Build.0 = Release|x64
		{28165D68-F81D-4FD0-A576-0E504534A068}.Release|x86.ActiveCfg = Release|Win32
		{28165D68-F81D-4FD0-A576-0E504534A068}.Release|x86.Build.0 = Release|Win32
		{D7F0052A-6CFA-4282-8F81-7F8A96E6B3D2}.Debug|x64.ActiveCfg = Debug|x64
		{D7F0052A-6CFA-4282-8F81-7F8A96E6B3D2}.Debug|x64.Build.0 = Debug|x64
		{D7F0052A-6CFA-4282-8F81-7F8A96E6B3D2}.Debug|x86.ActiveCfg = Debug|Win32
		{D7F0052A-6CFA-4282-8F81-7F8A96E6B3D2}.Debug|x86.Build.0 = Debug|Win32
		{D7F0052A-6CFA-4282-8F81-7F8A96E6B3D2}.Release|x64.ActiveCfg = Release|x64
		{D7F0052A-6CFA-4282-8F81-7F8A96E6B3D2}.Release|x64.Build.0 = Release|x64
		{D7F0052A-6CFA-4282-8F81-7F8A96E6B3D2}.Release|x86.ActiveCfg = Release|Win32
		{D7F0052A-6CFA-4282-8F81-7F8A96E6B3D2}.Release|x86.Build.0 = Release|Win32
		{AC975ADE-0A9A-4A5B-8B2E-11087BDFB211}.Debug|x64.ActiveCfg = Debug|x64
		{AC975ADE-0A9A-4A5B-8B2E-11087BDFB211}.Debug|x64.Build.0 = Debug|x64
		{AC975ADE-0A9A-4A5B-8B2E-11087BDFB211}.Debug|x86.ActiveCfg = Debug|Win32
		{AC975ADE-0A9A-4A5B-8B2E-11087BDFB211}.Debug|x86.Build.0 = Debug|Win32
		{AC975ADE-0A9A-4A5B-8B2E-11087BDFB211}.Release|x64.ActiveCfg = Release|x64
		{AC975ADE-0A9A-4A5B-8B2E-11087BDFB211}.Release|x64.Build.0 = Release|x64
		{AC975ADE-0A9A-4A5B-8B2E-11087BDFB211}.Release|x86.ActiveCfg = Release|Win32
		{AC975ADE-0A9A-4A5B-8B2E-11087BDFB211}.Release|x86.Build.0 = Release|Win32
		{BDD973E1-86E4-4DF5-9CE5-F629659BFFF8}.Debug|x64.ActiveCfg = Debug|x64
		{BDD973E1-86E4-4DF5-9CE5-F629659BFFF8}.Debug|x64.Build.0 = Debug|x64
		{BDD973E1-86E4-4DF5-9CE5-F629659BFFF8}.Debug|x86.ActiveCfg = Debug|Win32
		{BDD973E1-86E4-4DF5-9CE5-F629659BFFF8}.Debug|x86.Build.0 = Debug|Win32
		{BDD973E1-86E4-4DF5-9CE5-F629659BFFF8}.Release|x64.ActiveCfg = Release|x64
		{BDD973E1-86E4-4DF5-9CE5-F629659BFFF8}.Release|x64.Build.0 = Release|x64
		{BDD973E1-86E4-4DF5-9CE5-F629659BFFF8}.Release|x86.ActiveCfg = Release|Win32
		{BDD973E1-86E4-4DF5-9CE5-F629659BFFF8}.Release|x86.Build.0 = Release|Win32
		{7E1F8284-C729-4612-8323-7312D66A46F9}.Debug|x64.ActiveCfg = Debug|x64
		{7E1F8284-C729-4612-8323-7312D66A46F9}.Debug|x64.Build.0 = Debug|x64
		{7E1F8284-C729-4612-8323-7312D66A46F9}.Debug|x86.ActiveCfg = Debug|Win32
		{7E1F8284-C729-4612-8323-7312D66A46F9}.Debug|x86.Build.0 = Debug|Win32
		{7E1F8284-C729-4612-8323-7312D66A46F9}.Release|x64.ActiveCfg = Release|x64
		{7E1F8284-C729-4612-8323-7312D66A46F9}.Release|x64.Build.0 = Release|x64
		{7E1F8284-C729-4612-8323-7312D66A46F9}.Release|x86.ActiveCfg = Release|Win32
		{7E1F8284-C729-4612-8323-7312D66A46F9}.Release|x86.Build.0 = Release|Win32
		{20232A1B-2654-4F32-BE8F-542B7A88E8B6}.Debug|x64.ActiveCfg = Debug|x64
		{20232A1B-2654-4F32-BE8F-542B7A88E8B6}.Debug|x64.Build.0 = Debug|x64
		{20232A1B-2654-4F32-BE8F-542B7A88E8B6}.Debug|x86.ActiveCfg = Debug|Win32
		{20232A1B-2654-4F32-BE8F-542B7A88E8B6}.Debug|x86.Build.0 = Debug|Win32
		{20232A1B-2654-4F32-BE8F-542B7A88E8B6}.Release|x64.ActiveCfg = Release|x64
		{20232A1B-2654-4F32-BE8F-542B7A88E8B6}.Release|x64.Build.0 = Release|x64
		{20232A1B-2654-4F32-BE8F-542B7A88E8B6}.Release|x86.ActiveCfg = Release|Win32
		{20232A1B-2654-4F32-BE8F-542B7A88E8B6}.Release|x86.Build.0 = Release|Win32
		{683EABAB-60B8-4F97-8A1A-C9E30DB75649}.Debug|x64.ActiveCfg = Debug|x64
		{683EABAB-60B8-4F97-8A1A-C9E30DB75649}.Debug|x64.Build.0 = Debug|x64
		{683EABAB-60B8-4F97-8A1A-C9E30DB75649}.Debug|x86.ActiveCfg = Debug|Win32
		{683EABAB-60B8-4F97-8A1A-C9E30DB75649}.Debug|x86.Build.0 = Debug|Win32
		{683EABAB-60B8-4F97-8A1A-C9E30DB75649}.Release|x64.ActiveCfg = Release|x64
		{683EABAB-60B8-4F97-8A1A-C9E30DB75649}.Release|x64.Build.0 = Release|x64
		{683EABAB-60B8-4F97-8A1A-C9E30DB75649}.Release|x86.ActiveCfg = Release|Win32
		{683EABAB-60B8-4F97-8A1A-C9E30DB75649}.Release|x86.Build.0 = Release|Win32
		{347F3BC0-D747-4893-8F22-54CA95C07DD6}.Debug|x64.ActiveCfg = Debug|x64
		{347F3BC0-D747-4893-8F22-54CA95C07DD6}.Debug|x64.Build.0 = Debug|x64
		{347F3BC0-D747-4893-8F22-54CA95C07DD6}.Debug|x86.ActiveCfg = Debug|Win32
		{347F3BC0-D747-4893-8F22-54CA95C07DD6}.Debug|x86.Build.0 = Debug|Win32
		{347F3BC0-D747-4893-8F22-54CA95C07DD6}.Release|x64.ActiveCfg = Release|x64
		{347F3BC0-D747-4893-8F22-54CA95C07DD6}.Release|x64.Build.0 = Release|x64
		{347F3BC0-D747-4893-8F22-54CA95C07DD6}.Release|x86.ActiveCfg = Release|Win32
		{347F3BC0-D747-4893-8F22-54CA95C07DD6}.Release|x86.Build.0 = Release|Win32
		{EBAB7587-352A-4933-A6C3-ACB13ECE1A48}.Debug|x64.ActiveCfg = Debug|x64
		{EBAB7587-352A-4933-A6C3-ACB13ECE1A48}.Debug|x64.Build.0 = Debug|x64
		{EBAB7587-352A-4933-A6C3-ACB13ECE1A48}.Debug|x86.ActiveCfg = Debug|Win32
		{EBAB7587-352A-4933-A6C3-ACB13ECE1A48}.Debug|x86.Build.0 = Debug|Win32
		{EBAB7587-352A-4933-A6C3-ACB13ECE1A48}.Release|x64.ActiveCfg = Release|x64
		{EBAB7587-352A-4933-A6C3-ACB13ECE1A48}.Release|x64.Build.0 = Release|x64
		{EBAB7587-352A-4933-A6C3-ACB13ECE1A48}.Release|x86.ActiveCfg = Release|Win32
		{EBAB7587-352A-4933-A6C3-ACB13ECE1A48}.Release|x86.Build.0 = Release|Win32
		{CCD54667-C0FB-40DE-BD0B-8DB04AE172ED}.Debug|x64.ActiveCfg = Debug|x64
		{CCD54667-C0FB-40DE-BD0B-8DB04AE172ED}.Debug|x64.Build.0 = Debug|x64
		{CCD54667-C0FB-40DE-BD0B-8DB04AE172ED}.Debug|x86.ActiveCfg = Debug|Win32
		{CCD54667-C0FB-40DE-BD0B-8DB04AE172ED}.Debug|x86.Build.0 = Debug|Win32
		{CCD54667-C0FB-40DE-BD0B-8DB04AE172ED}.Release|x64.ActiveCfg = Release|x64
		{CCD54667-C0FB-40DE-BD0B-8DB04AE172ED}.Release|x64.Build.0 = Release|x64
		{CCD54667-C0FB-40DE-BD0B-8DB04AE172ED}.Release|x86.ActiveCfg = Release|Win32
		{CCD54667-C0FB-40DE-BD0B-8DB04AE172ED}.Release|x86.Build.0 = Release|Win32
		{55F7AEF0-DAA6-465F-A5CD-417BFF0569B4}.Debug|x64.ActiveCfg = Debug|x64
		{55F7AEF0-DAA6-465F-A5CD-417BFF0569B4}.Debug|x64.Build.0 = Debug|x64
		{55F7AEF0-DAA6-465F-A5CD-417BFF0569B4}.Debug|x86.ActiveCfg = Debug|Win32
		{55F7AEF0-DAA6-465F-A5CD-417BFF0569B4}.Debug|x86.Build.0 = Debug|Win32
		{55F7AEF0-DAA6-465F-A5CD-417BFF0569B4}.Release|x64.ActiveCfg = Release|x64
		{55F7AEF0-DAA6-465F-A5CD-417BFF0569B4}.Release|x64.Build.0 = Release|x64
		{55F7AEF0-DAA6-465F-A5CD-417BFF0569B4}.Release|x86.ActiveCfg = Release|Win32
		{55F7AEF0-DAA6-465F-A5CD-417BFF0569B4}.Release|x86.Build.0 = Release|Win32
	EndGlobalSection
	GlobalSection(SolutionProperties) = preSolution
		HideSolutionNode = FALSE
	EndGlobalSection
	GlobalSection(ExtensibilityGlobals) = postSolution
		SolutionGuid = {F1489808-51DC-480A-95D6-7CDD78B8C265}
	EndGlobalSection
EndGlobal
